Microsoft Visual Studio Solution File, Format Version 7.00
Project("{8BC9CEB8-8B4A-11D0-8D11-00A0C91BC942}") = "CDDTetris", "CDDTetris.vcproj", "{CF0E67AC-EBE5-4FA8-853E-7F25317F5115}"
EndProject
Global
	GlobalSection(SolutionConfiguration) = preSolution
		ConfigName.0 = Debug
		ConfigName.1 = Release
	EndGlobalSection
	GlobalSection(ProjectDependencies) = postSolution
	EndGlobalSection
	GlobalSection(ProjectConfiguration) = postSolution
		{CF0E67AC-EBE5-4FA8-853E-7F25317F5115}.Debug.ActiveCfg = Debug|Win32
		{CF0E67AC-EBE5-4FA8-853E-7F25317F5115}.Debug.Build.0 = Debug|Win32
		{CF0E67AC-EBE5-4FA8-853E-7F25317F5115}.Release.ActiveCfg = Release|Win32
		{CF0E67AC-EBE5-4FA8-853E-7F25317F5115}.Release.Build.0 = Release|Win32
	EndGlobalSection
	GlobalSection(ExtensibilityGlobals) = postSolution
	EndGlobalSection
	GlobalSection(ExtensibilityAddIns) = postSolution
	EndGlobalSection
EndGlobal
