Microsoft Visual Studio Solution File, Format Version 7.00
Project("{8BC9CEB8-8B4A-11D0-8D11-00A0C91BC942}") = "DynamicStarField", "DynamicStarField.vcproj", "{A1B26651-AEED-40C8-97FF-DA432FC3D10A}"
EndProject
Global
	GlobalSection(SolutionConfiguration) = preSolution
		ConfigName.0 = Debug
		ConfigName.1 = Release
	EndGlobalSection
	GlobalSection(ProjectDependencies) = postSolution
	EndGlobalSection
	GlobalSection(ProjectConfiguration) = postSolution
		{A1B26651-AEED-40C8-97FF-DA432FC3D10A}.Debug.ActiveCfg = Debug|Win32
		{A1B26651-AEED-40C8-97FF-DA432FC3D10A}.Debug.Build.0 = Debug|Win32
		{A1B26651-AEED-40C8-97FF-DA432FC3D10A}.Release.ActiveCfg = Release|Win32
		{A1B26651-AEED-40C8-97FF-DA432FC3D10A}.Release.Build.0 = Release|Win32
	EndGlobalSection
	GlobalSection(ExtensibilityGlobals) = postSolution
	EndGlobalSection
	GlobalSection(ExtensibilityAddIns) = postSolution
	EndGlobalSection
EndGlobal
