Microsoft Visual Studio Solution File, Format Version 7.00
Project("{8BC9CEB8-8B4A-11D0-8D11-00A0C91BC942}") = "FallingBlocks", "FallingBlocks.vcproj", "{55E43A8C-B8FE-43D6-A3A7-CDAB87A5A0FD}"
EndProject
Global
	GlobalSection(SolutionConfiguration) = preSolution
		ConfigName.0 = Debug
		ConfigName.1 = Release
	EndGlobalSection
	GlobalSection(ProjectDependencies) = postSolution
	EndGlobalSection
	GlobalSection(ProjectConfiguration) = postSolution
		{55E43A8C-B8FE-43D6-A3A7-CDAB87A5A0FD}.Debug.ActiveCfg = Debug|Win32
		{55E43A8C-B8FE-43D6-A3A7-CDAB87A5A0FD}.Debug.Build.0 = Debug|Win32
		{55E43A8C-B8FE-43D6-A3A7-CDAB87A5A0FD}.Release.ActiveCfg = Release|Win32
		{55E43A8C-B8FE-43D6-A3A7-CDAB87A5A0FD}.Release.Build.0 = Release|Win32
	EndGlobalSection
	GlobalSection(ExtensibilityGlobals) = postSolution
	EndGlobalSection
	GlobalSection(ExtensibilityAddIns) = postSolution
	EndGlobalSection
EndGlobal
